
Microsoft Visual Studio Solution File, Format Version 10.00
# Visual Studio 2008
Project("{2150E333-8FDC-42A3-9474-1A3956D46DE8}") = "09", "09", "{18B37BCD-D3DF-4665-B93C-CF068064DCE1}"
EndProject
Project("{8BC9CEB8-8B4A-11D0-8D11-00A0C91BC942}") = "9.4 可等待的计时器内核对象", "9\9.4 可等待的计时器内核对象\9.4 可等待的计时器内核对象.vcproj", "{BDB27659-7D74-4A92-934F-D211131F5D8D}"
EndProject
Project("{8BC9CEB8-8B4A-11D0-8D11-00A0C91BC942}") = "9.5 信号量内核对象", "9\9.5 信号量内核对象\9.5 信号量内核对象.vcproj", "{CDFC8145-3405-4F9E-8026-62C3D99B2A79}"
EndProject
Project("{8BC9CEB8-8B4A-11D0-8D11-00A0C91BC942}") = "9.6 互斥量内核对象", "9\9.6 互斥量内核对象\9.6 互斥量内核对象.vcproj", "{08AC9E55-07F8-4C50-8582-CDF09B9A4D9E}"
EndProject
Project("{2150E333-8FDC-42A3-9474-1A3956D46DE8}") = "10", "10", "{588A6CDA-8B99-47E6-AD75-EAF7CB1242CA}"
EndProject
Project("{8BC9CEB8-8B4A-11D0-8D11-00A0C91BC942}") = "10.4 异步设备", "10\10.4 异步设备\10.4 异步设备.vcproj", "{8B1F9F75-048C-4952-819C-BD7F0662C719}"
EndProject
Project("{8BC9CEB8-8B4A-11D0-8D11-00A0C91BC942}") = "10.4.4 异步设备 - 完成端口", "10\10.4 异步设备 - 完成端口\10.4 异步设备 - 完成端口.vcproj", "{A65FBE1D-C428-4CF7-8EDE-743EDDD12B0F}"
EndProject
Project("{8BC9CEB8-8B4A-11D0-8D11-00A0C91BC942}") = "10.4.3 异步设备-可提醒IO", "10\10.4.3 异步设备-可提醒IO\10.4.3 异步设备-可提醒IO.vcproj", "{CA6E8593-9917-486E-81BC-E46764DFD7E1}"
EndProject
Project("{8BC9CEB8-8B4A-11D0-8D11-00A0C91BC942}") = "10.4.2 异步设备-事件内核对象", "10\10.4.2 异步设备-事件内核对象\10.4.2 异步设备-事件内核对象.vcproj", "{B372C6A5-1021-4382-9871-9585E148791D}"
EndProject
Project("{8BC9CEB8-8B4A-11D0-8D11-00A0C91BC942}") = "10.4.1 异步设备-设备内核对象", "10\10.4.1 异步设备-设备内核对象\10.4.1 异步设备-设备内核对象.vcproj", "{C12F63EC-D1D7-4EC5-8A3E-2D8C25F4F5B2}"
EndProject
Project("{2150E333-8FDC-42A3-9474-1A3956D46DE8}") = "11", "11", "{C846EFFE-600B-4320-AB60-17BCE527EEEA}"
EndProject
Project("{8BC9CEB8-8B4A-11D0-8D11-00A0C91BC942}") = "11.1 以异步的方式调用函数", "11\11.1.1 以异步的方式调用函数\11.1.1 以异步的方式调用函数.vcproj", "{57C02772-3BFF-4CBF-B982-B8DE671E39AD}"
EndProject
Project("{8BC9CEB8-8B4A-11D0-8D11-00A0C91BC942}") = "11.2 每隔一段时间调用一个函数", "11\11.2 每隔一段时间调用一个函数\11.2 每隔一段时间调用一个函数.vcproj", "{3121E530-F878-43E3-972E-758FC83E2237}"
EndProject
Project("{8BC9CEB8-8B4A-11D0-8D11-00A0C91BC942}") = "11.3 在内核对象触发时调用一个函数", "11\11.3 在内核对象触发时调用一个函数\11.3 在内核对象触发时调用一个函数.vcproj", "{3572FD08-8212-4C56-98D6-D2912CFDFBD5}"
EndProject
Project("{8BC9CEB8-8B4A-11D0-8D11-00A0C91BC942}") = "11.4 异步IO请求完成调用", "11\11.4 异步IO请求完成调用\11.4 异步IO请求完成调用.vcproj", "{6F18F6A6-055E-457E-B267-2256C901F156}"
EndProject
Project("{8BC9CEB8-8B4A-11D0-8D11-00A0C91BC942}") = "11.5 回调函数的终止操作", "11\11.5 回调函数的终止操作\11.5 回调函数的终止操作.vcproj", "{4135330D-019B-49DA-ADCA-C7513BCEA925}"
EndProject
Project("{8BC9CEB8-8B4A-11D0-8D11-00A0C91BC942}") = "11.5.1 对线程池进行定制", "11\11.5.1 对线程池进行定制\11.5.1 对线程池进行定制.vcproj", "{227ADA37-1CC7-462D-ADF5-03EC06A03A24}"
EndProject
Project("{2150E333-8FDC-42A3-9474-1A3956D46DE8}") = "12", "12", "{C6BBAAD2-A3A9-4D3D-B079-75486ED09DDA}"
EndProject
Project("{8BC9CEB8-8B4A-11D0-8D11-00A0C91BC942}") = "12 纤程", "12\12 纤程\12 纤程.vcproj", "{3C013AC4-B3D8-4514-BC1E-9E1A8E803AEA}"
EndProject
Project("{2150E333-8FDC-42A3-9474-1A3956D46DE8}") = "13", "13", "{0EC9E398-0406-4304-AD0C-FEAD1D6215EA}"
EndProject
Project("{8BC9CEB8-8B4A-11D0-8D11-00A0C91BC942}") = "13 获取虚拟内存信息", "13\13 获取虚拟内存信息\13 获取虚拟内存信息.vcproj", "{14711EBD-E108-45CB-8423-8180C440AF6D}"
EndProject
Project("{2150E333-8FDC-42A3-9474-1A3956D46DE8}") = "15", "15", "{134110BB-E14E-47F9-BBBD-1C63EEC22082}"
EndProject
Project("{8BC9CEB8-8B4A-11D0-8D11-00A0C91BC942}") = "15 在应用程序中使用虚拟内存", "15\15 在应用程序中使用虚拟内存\15 在应用程序中使用虚拟内存.vcproj", "{8BE79DBF-16F3-4C98-B9C6-E6DE6339572E}"
EndProject
Project("{2150E333-8FDC-42A3-9474-1A3956D46DE8}") = "18", "18", "{5DE72494-0F99-4A56-A200-BFFC5FFB6740}"
EndProject
Project("{8BC9CEB8-8B4A-11D0-8D11-00A0C91BC942}") = "18 额外堆的创建和使用", "18\18 额外堆的创建和使用\18 额外堆的创建和使用.vcproj", "{B3A80F0C-12F1-4042-8AC8-60B2EB95F3D2}"
EndProject
Project("{2150E333-8FDC-42A3-9474-1A3956D46DE8}") = "17", "17", "{E8861C95-714D-4716-B164-7BE367C82395}"
EndProject
Project("{8BC9CEB8-8B4A-11D0-8D11-00A0C91BC942}") = "17 内存映射文件", "17\17 内存映射文件\17 内存映射文件.vcproj", "{13783ACC-B000-489D-B58B-32FC5F0EAD4F}"
EndProject
Project("{8BC9CEB8-8B4A-11D0-8D11-00A0C91BC942}") = "15.8 地址窗口扩展", "15\15.8 地址窗口扩展\15.8 地址窗口扩展.vcproj", "{C540FBC1-04C8-47B3-B76A-2CBA02B884DE}"
EndProject
Global
	GlobalSection(SolutionConfigurationPlatforms) = preSolution
		Debug|Win32 = Debug|Win32
		Release|Win32 = Release|Win32
	EndGlobalSection
	GlobalSection(ProjectConfigurationPlatforms) = postSolution
		{BDB27659-7D74-4A92-934F-D211131F5D8D}.Debug|Win32.ActiveCfg = Debug|Win32
		{BDB27659-7D74-4A92-934F-D211131F5D8D}.Debug|Win32.Build.0 = Debug|Win32
		{BDB27659-7D74-4A92-934F-D211131F5D8D}.Release|Win32.ActiveCfg = Release|Win32
		{BDB27659-7D74-4A92-934F-D211131F5D8D}.Release|Win32.Build.0 = Release|Win32
		{CDFC8145-3405-4F9E-8026-62C3D99B2A79}.Debug|Win32.ActiveCfg = Debug|Win32
		{CDFC8145-3405-4F9E-8026-62C3D99B2A79}.Debug|Win32.Build.0 = Debug|Win32
		{CDFC8145-3405-4F9E-8026-62C3D99B2A79}.Release|Win32.ActiveCfg = Release|Win32
		{CDFC8145-3405-4F9E-8026-62C3D99B2A79}.Release|Win32.Build.0 = Release|Win32
		{08AC9E55-07F8-4C50-8582-CDF09B9A4D9E}.Debug|Win32.ActiveCfg = Debug|Win32
		{08AC9E55-07F8-4C50-8582-CDF09B9A4D9E}.Debug|Win32.Build.0 = Debug|Win32
		{08AC9E55-07F8-4C50-8582-CDF09B9A4D9E}.Release|Win32.ActiveCfg = Release|Win32
		{08AC9E55-07F8-4C50-8582-CDF09B9A4D9E}.Release|Win32.Build.0 = Release|Win32
		{8B1F9F75-048C-4952-819C-BD7F0662C719}.Debug|Win32.ActiveCfg = Debug|Win32
		{8B1F9F75-048C-4952-819C-BD7F0662C719}.Debug|Win32.Build.0 = Debug|Win32
		{8B1F9F75-048C-4952-819C-BD7F0662C719}.Release|Win32.ActiveCfg = Release|Win32
		{8B1F9F75-048C-4952-819C-BD7F0662C719}.Release|Win32.Build.0 = Release|Win32
		{A65FBE1D-C428-4CF7-8EDE-743EDDD12B0F}.Debug|Win32.ActiveCfg = Debug|Win32
		{A65FBE1D-C428-4CF7-8EDE-743EDDD12B0F}.Debug|Win32.Build.0 = Debug|Win32
		{A65FBE1D-C428-4CF7-8EDE-743EDDD12B0F}.Release|Win32.ActiveCfg = Release|Win32
		{A65FBE1D-C428-4CF7-8EDE-743EDDD12B0F}.Release|Win32.Build.0 = Release|Win32
		{CA6E8593-9917-486E-81BC-E46764DFD7E1}.Debug|Win32.ActiveCfg = Debug|Win32
		{CA6E8593-9917-486E-81BC-E46764DFD7E1}.Debug|Win32.Build.0 = Debug|Win32
		{CA6E8593-9917-486E-81BC-E46764DFD7E1}.Release|Win32.ActiveCfg = Release|Win32
		{CA6E8593-9917-486E-81BC-E46764DFD7E1}.Release|Win32.Build.0 = Release|Win32
		{B372C6A5-1021-4382-9871-9585E148791D}.Debug|Win32.ActiveCfg = Debug|Win32
		{B372C6A5-1021-4382-9871-9585E148791D}.Debug|Win32.Build.0 = Debug|Win32
		{B372C6A5-1021-4382-9871-9585E148791D}.Release|Win32.ActiveCfg = Release|Win32
		{B372C6A5-1021-4382-9871-9585E148791D}.Release|Win32.Build.0 = Release|Win32
		{C12F63EC-D1D7-4EC5-8A3E-2D8C25F4F5B2}.Debug|Win32.ActiveCfg = Debug|Win32
		{C12F63EC-D1D7-4EC5-8A3E-2D8C25F4F5B2}.Debug|Win32.Build.0 = Debug|Win32
		{C12F63EC-D1D7-4EC5-8A3E-2D8C25F4F5B2}.Release|Win32.ActiveCfg = Release|Win32
		{C12F63EC-D1D7-4EC5-8A3E-2D8C25F4F5B2}.Release|Win32.Build.0 = Release|Win32
		{57C02772-3BFF-4CBF-B982-B8DE671E39AD}.Debug|Win32.ActiveCfg = Debug|Win32
		{57C02772-3BFF-4CBF-B982-B8DE671E39AD}.Debug|Win32.Build.0 = Debug|Win32
		{57C02772-3BFF-4CBF-B982-B8DE671E39AD}.Release|Win32.ActiveCfg = Release|Win32
		{57C02772-3BFF-4CBF-B982-B8DE671E39AD}.Release|Win32.Build.0 = Release|Win32
		{3121E530-F878-43E3-972E-758FC83E2237}.Debug|Win32.ActiveCfg = Debug|Win32
		{3121E530-F878-43E3-972E-758FC83E2237}.Debug|Win32.Build.0 = Debug|Win32
		{3121E530-F878-43E3-972E-758FC83E2237}.Release|Win32.ActiveCfg = Release|Win32
		{3121E530-F878-43E3-972E-758FC83E2237}.Release|Win32.Build.0 = Release|Win32
		{3572FD08-8212-4C56-98D6-D2912CFDFBD5}.Debug|Win32.ActiveCfg = Debug|Win32
		{3572FD08-8212-4C56-98D6-D2912CFDFBD5}.Debug|Win32.Build.0 = Debug|Win32
		{3572FD08-8212-4C56-98D6-D2912CFDFBD5}.Release|Win32.ActiveCfg = Release|Win32
		{3572FD08-8212-4C56-98D6-D2912CFDFBD5}.Release|Win32.Build.0 = Release|Win32
		{6F18F6A6-055E-457E-B267-2256C901F156}.Debug|Win32.ActiveCfg = Debug|Win32
		{6F18F6A6-055E-457E-B267-2256C901F156}.Debug|Win32.Build.0 = Debug|Win32
		{6F18F6A6-055E-457E-B267-2256C901F156}.Release|Win32.ActiveCfg = Release|Win32
		{6F18F6A6-055E-457E-B267-2256C901F156}.Release|Win32.Build.0 = Release|Win32
		{4135330D-019B-49DA-ADCA-C7513BCEA925}.Debug|Win32.ActiveCfg = Debug|Win32
		{4135330D-019B-49DA-ADCA-C7513BCEA925}.Debug|Win32.Build.0 = Debug|Win32
		{4135330D-019B-49DA-ADCA-C7513BCEA925}.Release|Win32.ActiveCfg = Release|Win32
		{4135330D-019B-49DA-ADCA-C7513BCEA925}.Release|Win32.Build.0 = Release|Win32
		{227ADA37-1CC7-462D-ADF5-03EC06A03A24}.Debug|Win32.ActiveCfg = Debug|Win32
		{227ADA37-1CC7-462D-ADF5-03EC06A03A24}.Debug|Win32.Build.0 = Debug|Win32
		{227ADA37-1CC7-462D-ADF5-03EC06A03A24}.Release|Win32.ActiveCfg = Release|Win32
		{227ADA37-1CC7-462D-ADF5-03EC06A03A24}.Release|Win32.Build.0 = Release|Win32
		{3C013AC4-B3D8-4514-BC1E-9E1A8E803AEA}.Debug|Win32.ActiveCfg = Debug|Win32
		{3C013AC4-B3D8-4514-BC1E-9E1A8E803AEA}.Debug|Win32.Build.0 = Debug|Win32
		{3C013AC4-B3D8-4514-BC1E-9E1A8E803AEA}.Release|Win32.ActiveCfg = Release|Win32
		{3C013AC4-B3D8-4514-BC1E-9E1A8E803AEA}.Release|Win32.Build.0 = Release|Win32
		{14711EBD-E108-45CB-8423-8180C440AF6D}.Debug|Win32.ActiveCfg = Debug|Win32
		{14711EBD-E108-45CB-8423-8180C440AF6D}.Debug|Win32.Build.0 = Debug|Win32
		{14711EBD-E108-45CB-8423-8180C440AF6D}.Release|Win32.ActiveCfg = Release|Win32
		{14711EBD-E108-45CB-8423-8180C440AF6D}.Release|Win32.Build.0 = Release|Win32
		{8BE79DBF-16F3-4C98-B9C6-E6DE6339572E}.Debug|Win32.ActiveCfg = Debug|Win32
		{8BE79DBF-16F3-4C98-B9C6-E6DE6339572E}.Debug|Win32.Build.0 = Debug|Win32
		{8BE79DBF-16F3-4C98-B9C6-E6DE6339572E}.Release|Win32.ActiveCfg = Release|Win32
		{8BE79DBF-16F3-4C98-B9C6-E6DE6339572E}.Release|Win32.Build.0 = Release|Win32
		{B3A80F0C-12F1-4042-8AC8-60B2EB95F3D2}.Debug|Win32.ActiveCfg = Debug|Win32
		{B3A80F0C-12F1-4042-8AC8-60B2EB95F3D2}.Debug|Win32.Build.0 = Debug|Win32
		{B3A80F0C-12F1-4042-8AC8-60B2EB95F3D2}.Release|Win32.ActiveCfg = Release|Win32
		{B3A80F0C-12F1-4042-8AC8-60B2EB95F3D2}.Release|Win32.Build.0 = Release|Win32
		{13783ACC-B000-489D-B58B-32FC5F0EAD4F}.Debug|Win32.ActiveCfg = Debug|Win32
		{13783ACC-B000-489D-B58B-32FC5F0EAD4F}.Debug|Win32.Build.0 = Debug|Win32
		{13783ACC-B000-489D-B58B-32FC5F0EAD4F}.Release|Win32.ActiveCfg = Release|Win32
		{13783ACC-B000-489D-B58B-32FC5F0EAD4F}.Release|Win32.Build.0 = Release|Win32
		{C540FBC1-04C8-47B3-B76A-2CBA02B884DE}.Debug|Win32.ActiveCfg = Debug|Win32
		{C540FBC1-04C8-47B3-B76A-2CBA02B884DE}.Debug|Win32.Build.0 = Debug|Win32
		{C540FBC1-04C8-47B3-B76A-2CBA02B884DE}.Release|Win32.ActiveCfg = Release|Win32
		{C540FBC1-04C8-47B3-B76A-2CBA02B884DE}.Release|Win32.Build.0 = Release|Win32
	EndGlobalSection
	GlobalSection(SolutionProperties) = preSolution
		HideSolutionNode = FALSE
	EndGlobalSection
	GlobalSection(NestedProjects) = preSolution
		{BDB27659-7D74-4A92-934F-D211131F5D8D} = {18B37BCD-D3DF-4665-B93C-CF068064DCE1}
		{CDFC8145-3405-4F9E-8026-62C3D99B2A79} = {18B37BCD-D3DF-4665-B93C-CF068064DCE1}
		{08AC9E55-07F8-4C50-8582-CDF09B9A4D9E} = {18B37BCD-D3DF-4665-B93C-CF068064DCE1}
		{8B1F9F75-048C-4952-819C-BD7F0662C719} = {588A6CDA-8B99-47E6-AD75-EAF7CB1242CA}
		{A65FBE1D-C428-4CF7-8EDE-743EDDD12B0F} = {588A6CDA-8B99-47E6-AD75-EAF7CB1242CA}
		{CA6E8593-9917-486E-81BC-E46764DFD7E1} = {588A6CDA-8B99-47E6-AD75-EAF7CB1242CA}
		{B372C6A5-1021-4382-9871-9585E148791D} = {588A6CDA-8B99-47E6-AD75-EAF7CB1242CA}
		{C12F63EC-D1D7-4EC5-8A3E-2D8C25F4F5B2} = {588A6CDA-8B99-47E6-AD75-EAF7CB1242CA}
		{57C02772-3BFF-4CBF-B982-B8DE671E39AD} = {C846EFFE-600B-4320-AB60-17BCE527EEEA}
		{3121E530-F878-43E3-972E-758FC83E2237} = {C846EFFE-600B-4320-AB60-17BCE527EEEA}
		{3572FD08-8212-4C56-98D6-D2912CFDFBD5} = {C846EFFE-600B-4320-AB60-17BCE527EEEA}
		{6F18F6A6-055E-457E-B267-2256C901F156} = {C846EFFE-600B-4320-AB60-17BCE527EEEA}
		{4135330D-019B-49DA-ADCA-C7513BCEA925} = {C846EFFE-600B-4320-AB60-17BCE527EEEA}
		{227ADA37-1CC7-462D-ADF5-03EC06A03A24} = {C846EFFE-600B-4320-AB60-17BCE527EEEA}
		{3C013AC4-B3D8-4514-BC1E-9E1A8E803AEA} = {C6BBAAD2-A3A9-4D3D-B079-75486ED09DDA}
		{14711EBD-E108-45CB-8423-8180C440AF6D} = {0EC9E398-0406-4304-AD0C-FEAD1D6215EA}
		{8BE79DBF-16F3-4C98-B9C6-E6DE6339572E} = {134110BB-E14E-47F9-BBBD-1C63EEC22082}
		{C540FBC1-04C8-47B3-B76A-2CBA02B884DE} = {134110BB-E14E-47F9-BBBD-1C63EEC22082}
		{B3A80F0C-12F1-4042-8AC8-60B2EB95F3D2} = {5DE72494-0F99-4A56-A200-BFFC5FFB6740}
		{13783ACC-B000-489D-B58B-32FC5F0EAD4F} = {E8861C95-714D-4716-B164-7BE367C82395}
	EndGlobalSection
EndGlobal
